// !$*UTF8*$!
{
	archiveVersion = 1;
	classes = {
	};
	objectVersion = 56;
	objects = {

/* Begin PBXBuildFile section */
		91EA5D2C2C002E0800FA5A55 /* mJOAApp.swift in Sources */ = {isa = PBXBuildFile; fileRef = 91EA5D2B2C002E0800FA5A55 /* mJOAApp.swift */; };
		91EA5D2E2C002E0800FA5A55 /* ContentView.swift in Sources */ = {isa = PBXBuildFile; fileRef = 91EA5D2D2C002E0800FA5A55 /* ContentView.swift */; };
		91EA5D302C002E0800FA5A55 /* Item.swift in Sources */ = {isa = PBXBuildFile; fileRef = 91EA5D2F2C002E0800FA5A55 /* Item.swift */; };
		91EA5D322C002E0900FA5A55 /* Assets.xcassets in Resources */ = {isa = PBXBuildFile; fileRef = 91EA5D312C002E0900FA5A55 /* Assets.xcassets */; };
		91EA5D352C002E0900FA5A55 /* Preview Assets.xcassets in Resources */ = {isa = PBXBuildFile; fileRef = 91EA5D342C002E0900FA5A55 /* Preview Assets.xcassets */; };
		91EA5D3F2C002E0900FA5A55 /* mJOATests.swift in Sources */ = {isa = PBXBuildFile; fileRef = 91EA5D3E2C002E0900FA5A55 /* mJOATests.swift */; };
		91EA5D492C002E0900FA5A55 /* mJOAUITests.swift in Sources */ = {isa = PBXBuildFile; fileRef = 91EA5D482C002E0900FA5A55 /* mJOAUITests.swift */; };
		91EA5D4B2C002E0900FA5A55 /* mJOAUITestsLaunchTests.swift in Sources */ = {isa = PBXBuildFile; fileRef = 91EA5D4A2C002E0900FA5A55 /* mJOAUITestsLaunchTests.swift */; };
/* End PBXBuildFile section */

/* Begin PBXContainerItemProxy section */
		91EA5D3B2C002E0900FA5A55 /* PBXContainerItemProxy */ = {
			isa = PBXContainerItemProxy;
			containerPortal = 91EA5D202C002E0800FA5A55 /* Project object */;
			proxyType = 1;
			remoteGlobalIDString = 91EA5D272C002E0800FA5A55;
			remoteInfo = mJOA;
		};
		91EA5D452C002E0900FA5A55 /* PBXContainerItemProxy */ = {
			isa = PBXContainerItemProxy;
			containerPortal = 91EA5D202C002E0800FA5A55 /* Project object */;
			proxyType = 1;
			remoteGlobalIDString = 91EA5D272C002E0800FA5A55;
			remoteInfo = mJOA;
		};
/* End PBXContainerItemProxy section */

/* Begin PBXFileReference section */
		91EA5D282C002E0800FA5A55 /* mJOA.app */ = {isa = PBXFileReference; explicitFileType = wrapper.application; includeInIndex = 0; path = mJOA.app; sourceTree = BUILT_PRODUCTS_DIR; };
		91EA5D2B2C002E0800FA5A55 /* mJOAApp.swift */ = {isa = PBXFileReference; lastKnownFileType = sourcecode.swift; path = mJOAApp.swift; sourceTree = "<group>"; };
		91EA5D2D2C002E0800FA5A55 /* ContentView.swift */ = {isa = PBXFileReference; lastKnownFileType = sourcecode.swift; path = ContentView.swift; sourceTree = "<group>"; };
		91EA5D2F2C002E0800FA5A55 /* Item.swift */ = {isa = PBXFileReference; lastKnownFileType = sourcecode.swift; path = Item.swift; sourceTree = "<group>"; };
		91EA5D312C002E0900FA5A55 /* Assets.xcassets */ = {isa = PBXFileReference; lastKnownFileType = folder.assetcatalog; path = Assets.xcassets; sourceTree = "<group>"; };
		91EA5D342C002E0900FA5A55 /* Preview Assets.xcassets */ = {isa = PBXFileReference; lastKnownFileType = folder.assetcatalog; path = "Preview Assets.xcassets"; sourceTree = "<group>"; };
		91EA5D3A2C002E0900FA5A55 /* mJOATests.xctest */ = {isa = PBXFileReference; explicitFileType = wrapper.cfbundle; includeInIndex = 0; path = mJOATests.xctest; sourceTree = BUILT_PRODUCTS_DIR; };
		91EA5D3E2C002E0900FA5A55 /* mJOATests.swift */ = {isa = PBXFileReference; lastKnownFileType = sourcecode.swift; path = mJOATests.swift; sourceTree = "<group>"; };
		91EA5D442C002E0900FA5A55 /* mJOAUITests.xctest */ = {isa = PBXFileReference; explicitFileType = wrapper.cfbundle; includeInIndex = 0; path = mJOAUITests.xctest; sourceTree = BUILT_PRODUCTS_DIR; };
		91EA5D482C002E0900FA5A55 /* mJOAUITests.swift */ = {isa = PBXFileReference; lastKnownFileType = sourcecode.swift; path = mJOAUITests.swift; sourceTree = "<group>"; };
		91EA5D4A2C002E0900FA5A55 /* mJOAUITestsLaunchTests.swift */ = {isa = PBXFileReference; lastKnownFileType = sourcecode.swift; path = mJOAUITestsLaunchTests.swift; sourceTree = "<group>"; };
/* End PBXFileReference section */

/* Begin PBXFrameworksBuildPhase section */
		91EA5D252C002E0800FA5A55 /* Frameworks */ = {
			isa = PBXFrameworksBuildPhase;
			buildActionMask = 2147483647;
			files = (
			);
			runOnlyForDeploymentPostprocessing = 0;
		};
		91EA5D372C002E0900FA5A55 /* Frameworks */ = {
			isa = PBXFrameworksBuildPhase;
			buildActionMask = 2147483647;
			files = (
			);
			runOnlyForDeploymentPostprocessing = 0;
		};
		91EA5D412C002E0900FA5A55 /* Frameworks */ = {
			isa = PBXFrameworksBuildPhase;
			buildActionMask = 2147483647;
			files = (
			);
			runOnlyForDeploymentPostprocessing = 0;
		};
/* End PBXFrameworksBuildPhase section */

/* Begin PBXGroup section */
		91EA5D1F2C002E0800FA5A55 = {
			isa = PBXGroup;
			children = (
				91EA5D2A2C002E0800FA5A55 /* mJOA */,
				91EA5D3D2C002E0900FA5A55 /* mJOATests */,
				91EA5D472C002E0900FA5A55 /* mJOAUITests */,
				91EA5D292C002E0800FA5A55 /* Products */,
			);
			sourceTree = "<group>";
		};
		91EA5D292C002E0800FA5A55 /* Products */ = {
			isa = PBXGroup;
			children = (
				91EA5D282C002E0800FA5A55 /* mJOA.app */,
				91EA5D3A2C002E0900FA5A55 /* mJOATests.xctest */,
				91EA5D442C002E0900FA5A55 /* mJOAUITests.xctest */,
			);
			name = Products;
			sourceTree = "<group>";
		};
		91EA5D2A2C002E0800FA5A55 /* mJOA */ = {
			isa = PBXGroup;
			children = (
				91EA5D2B2C002E0800FA5A55 /* mJOAApp.swift */,
				91EA5D2D2C002E0800FA5A55 /* ContentView.swift */,
				91EA5D2F2C002E0800FA5A55 /* Item.swift */,
				91EA5D312C002E0900FA5A55 /* Assets.xcassets */,
				91EA5D332C002E0900FA5A55 /* Preview Content */,
			);
			path = mJOA;
			sourceTree = "<group>";
		};
		91EA5D332C002E0900FA5A55 /* Preview Content */ = {
			isa = PBXGroup;
			children = (
				91EA5D342C002E0900FA5A55 /* Preview Assets.xcassets */,
			);
			path = "Preview Content";
			sourceTree = "<group>";
		};
		91EA5D3D2C002E0900FA5A55 /* mJOATests */ = {
			isa = PBXGroup;
			children = (
				91EA5D3E2C002E0900FA5A55 /* mJOATests.swift */,
			);
			path = mJOATests;
			sourceTree = "<group>";
		};
		91EA5D472C002E0900FA5A55 /* mJOAUITests */ = {
			isa = PBXGroup;
			children = (
				91EA5D482C002E0900FA5A55 /* mJOAUITests.swift */,
				91EA5D4A2C002E0900FA5A55 /* mJOAUITestsLaunchTests.swift */,
			);
			path = mJOAUITests;
			sourceTree = "<group>";
		};
/* End PBXGroup section */

/* Begin PBXNativeTarget section */
		91EA5D272C002E0800FA5A55 /* mJOA */ = {
			isa = PBXNativeTarget;
			buildConfigurationList = 91EA5D4E2C002E0900FA5A55 /* Build configuration list for PBXNativeTarget "mJOA" */;
			buildPhases = (
				91EA5D242C002E0800FA5A55 /* Sources */,
				91EA5D252C002E0800FA5A55 /* Frameworks */,
				91EA5D262C002E0800FA5A55 /* Resources */,
			);
			buildRules = (
			);
			dependencies = (
			);
			name = mJOA;
			productName = mJOA;
			productReference = 91EA5D282C002E0800FA5A55 /* mJOA.app */;
			productType = "com.apple.product-type.application";
		};
		91EA5D392C002E0900FA5A55 /* mJOATests */ = {
			isa = PBXNativeTarget;
			buildConfigurationList = 91EA5D512C002E0900FA5A55 /* Build configuration list for PBXNativeTarget "mJOATests" */;
			buildPhases = (
				91EA5D362C002E0900FA5A55 /* Sources */,
				91EA5D372C002E0900FA5A55 /* Frameworks */,
				91EA5D382C002E0900FA5A55 /* Resources */,
			);
			buildRules = (
			);
			dependencies = (
				91EA5D3C2C002E0900FA5A55 /* PBXTargetDependency */,
			);
			name = mJOATests;
			productName = mJOATests;
			productReference = 91EA5D3A2C002E0900FA5A55 /* mJOATests.xctest */;
			productType = "com.apple.product-type.bundle.unit-test";
		};
		91EA5D432C002E0900FA5A55 /* mJOAUITests */ = {
			isa = PBXNativeTarget;
			buildConfigurationList = 91EA5D542C002E0900FA5A55 /* Build configuration list for PBXNativeTarget "mJOAUITests" */;
			buildPhases = (
				91EA5D402C002E0900FA5A55 /* Sources */,
				91EA5D412C002E0900FA5A55 /* Frameworks */,
				91EA5D422C002E0900FA5A55 /* Resources */,
			);
			buildRules = (
			);
			dependencies = (
				91EA5D462C002E0900FA5A55 /* PBXTargetDependency */,
			);
			name = mJOAUITests;
			productName = mJOAUITests;
			productReference = 91EA5D442C002E0900FA5A55 /* mJOAUITests.xctest */;
			productType = "com.apple.product-type.bundle.ui-testing";
		};
/* End PBXNativeTarget section */

/* Begin PBXProject section */
		91EA5D202C002E0800FA5A55 /* Project object */ = {
			isa = PBXProject;
			attributes = {
				BuildIndependentTargetsInParallel = 1;
				LastSwiftUpdateCheck = 1540;
				LastUpgradeCheck = 1540;
				TargetAttributes = {
					91EA5D272C002E0800FA5A55 = {
						CreatedOnToolsVersion = 15.4;
					};
					91EA5D392C002E0900FA5A55 = {
						CreatedOnToolsVersion = 15.4;
						TestTargetID = 91EA5D272C002E0800FA5A55;
					};
					91EA5D432C002E0900FA5A55 = {
						CreatedOnToolsVersion = 15.4;
						TestTargetID = 91EA5D272C002E0800FA5A55;
					};
				};
			};
			buildConfigurationList = 91EA5D232C002E0800FA5A55 /* Build configuration list for PBXProject "mJOA" */;
			compatibilityVersion = "Xcode 14.0";
			developmentRegion = en;
			hasScannedForEncodings = 0;
			knownRegions = (
				en,
				Base,
			);
			mainGroup = 91EA5D1F2C002E0800FA5A55;
			productRefGroup = 91EA5D292C002E0800FA5A55 /* Products */;
			projectDirPath = "";
			projectRoot = "";
			targets = (
				91EA5D272C002E0800FA5A55 /* mJOA */,
				91EA5D392C002E0900FA5A55 /* mJOATests */,
				91EA5D432C002E0900FA5A55 /* mJOAUITests */,
			);
		};
/* End PBXProject section */

/* Begin PBXResourcesBuildPhase section */
		91EA5D262C002E0800FA5A55 /* Resources */ = {
			isa = PBXResourcesBuildPhase;
			buildActionMask = 2147483647;
			files = (
				91EA5D352C002E0900FA5A55 /* Preview Assets.xcassets in Resources */,
				91EA5D322C002E0900FA5A55 /* Assets.xcassets in Resources */,
			);
			runOnlyForDeploymentPostprocessing = 0;
		};
		91EA5D382C002E0900FA5A55 /* Resources */ = {
			isa = PBXResourcesBuildPhase;
			buildActionMask = 2147483647;
			files = (
			);
			runOnlyForDeploymentPostprocessing = 0;
		};
		91EA5D422C002E0900FA5A55 /* Resources */ = {
			isa = PBXResourcesBuildPhase;
			buildActionMask = 2147483647;
			files = (
			);
			runOnlyForDeploymentPostprocessing = 0;
		};
/* End PBXResourcesBuildPhase section */

/* Begin PBXSourcesBuildPhase section */
		91EA5D242C002E0800FA5A55 /* Sources */ = {
			isa = PBXSourcesBuildPhase;
			buildActionMask = 2147483647;
			files = (
				91EA5D2E2C002E0800FA5A55 /* ContentView.swift in Sources */,
				91EA5D302C002E0800FA5A55 /* Item.swift in Sources */,
				91EA5D2C2C002E0800FA5A55 /* mJOAApp.swift in Sources */,
			);
			runOnlyForDeploymentPostprocessing = 0;
		};
		91EA5D362C002E0900FA5A55 /* Sources */ = {
			isa = PBXSourcesBuildPhase;
			buildActionMask = 2147483647;
			files = (
				91EA5D3F2C002E0900FA5A55 /* mJOATests.swift in Sources */,
			);
			runOnlyForDeploymentPostprocessing = 0;
		};
		91EA5D402C002E0900FA5A55 /* Sources */ = {
			isa = PBXSourcesBuildPhase;
			buildActionMask = 2147483647;
			files = (
				91EA5D492C002E0900FA5A55 /* mJOAUITests.swift in Sources */,
				91EA5D4B2C002E0900FA5A55 /* mJOAUITestsLaunchTests.swift in Sources */,
			);
			runOnlyForDeploymentPostprocessing = 0;
		};
/* End PBXSourcesBuildPhase section */

/* Begin PBXTargetDependency section */
		91EA5D3C2C002E0900FA5A55 /* PBXTargetDependency */ = {
			isa = PBXTargetDependency;
			target = 91EA5D272C002E0800FA5A55 /* mJOA */;
			targetProxy = 91EA5D3B2C002E0900FA5A55 /* PBXContainerItemProxy */;
		};
		91EA5D462C002E0900FA5A55 /* PBXTargetDependency */ = {
			isa = PBXTargetDependency;
			target = 91EA5D272C002E0800FA5A55 /* mJOA */;
			targetProxy = 91EA5D452C002E0900FA5A55 /* PBXContainerItemProxy */;
		};
/* End PBXTargetDependency section */

/* Begin XCBuildConfiguration section */
		91EA5D4C2C002E0900FA5A55 /* Debug */ = {
			isa = XCBuildConfiguration;
			buildSettings = {
				ALWAYS_SEARCH_USER_PATHS = NO;
				ASSETCATALOG_COMPILER_GENERATE_SWIFT_ASSET_SYMBOL_EXTENSIONS = YES;
				CLANG_ANALYZER_NONNULL = YES;
				CLANG_ANALYZER_NUMBER_OBJECT_CONVERSION = YES_AGGRESSIVE;
				CLANG_CXX_LANGUAGE_STANDARD = "gnu++20";
				CLANG_ENABLE_MODULES = YES;
				CLANG_ENABLE_OBJC_ARC = YES;
				CLANG_ENABLE_OBJC_WEAK = YES;
				CLANG_WARN_BLOCK_CAPTURE_AUTORELEASING = YES;
				CLANG_WARN_BOOL_CONVERSION = YES;
				CLANG_WARN_COMMA = YES;
				CLANG_WARN_CONSTANT_CONVERSION = YES;
				CLANG_WARN_DEPRECATED_OBJC_IMPLEMENTATIONS = YES;
				CLANG_WARN_DIRECT_OBJC_ISA_USAGE = YES_ERROR;
				CLANG_WARN_DOCUMENTATION_COMMENTS = YES;
				CLANG_WARN_EMPTY_BODY = YES;
				CLANG_WARN_ENUM_CONVERSION = YES;
				CLANG_WARN_INFINITE_RECURSION = YES;
				CLANG_WARN_INT_CONVERSION = YES;
				CLANG_WARN_NON_LITERAL_NULL_CONVERSION = YES;
				CLANG_WARN_OBJC_IMPLICIT_RETAIN_SELF = YES;
				CLANG_WARN_OBJC_LITERAL_CONVERSION = YES;
				CLANG_WARN_OBJC_ROOT_CLASS = YES_ERROR;
				CLANG_WARN_QUOTED_INCLUDE_IN_FRAMEWORK_HEADER = YES;
				CLANG_WARN_RANGE_LOOP_ANALYSIS = YES;
				CLANG_WARN_STRICT_PROTOTYPES = YES;
				CLANG_WARN_SUSPICIOUS_MOVE = YES;
				CLANG_WARN_UNGUARDED_AVAILABILITY = YES_AGGRESSIVE;
				CLANG_WARN_UNREACHABLE_CODE = YES;
				CLANG_WARN__DUPLICATE_METHOD_MATCH = YES;
				COPY_PHASE_STRIP = NO;
				DEBUG_INFORMATION_FORMAT = dwarf;
				ENABLE_STRICT_OBJC_MSGSEND = YES;
				ENABLE_TESTABILITY = YES;
				ENABLE_USER_SCRIPT_SANDBOXING = YES;
				GCC_C_LANGUAGE_STANDARD = gnu17;
				GCC_DYNAMIC_NO_PIC = NO;
				GCC_NO_COMMON_BLOCKS = YES;
				GCC_OPTIMIZATION_LEVEL = 0;
				GCC_PREPROCESSOR_DEFINITIONS = (
					"DEBUG=1",
					"$(inherited)",
				);
				GCC_WARN_64_TO_32_BIT_CONVERSION = YES;
				GCC_WARN_ABOUT_RETURN_TYPE = YES_ERROR;
				GCC_WARN_UNDECLARED_SELECTOR = YES;
				GCC_WARN_UNINITIALIZED_AUTOS = YES_AGGRESSIVE;
				GCC_WARN_UNUSED_FUNCTION = YES;
				GCC_WARN_UNUSED_VARIABLE = YES;
				IPHONEOS_DEPLOYMENT_TARGET = 17.5;
				LOCALIZATION_PREFERS_STRING_CATALOGS = YES;
				MTL_ENABLE_DEBUG_INFO = INCLUDE_SOURCE;
				MTL_FAST_MATH = YES;
				ONLY_ACTIVE_ARCH = YES;
				SDKROOT = iphoneos;
				SWIFT_ACTIVE_COMPILATION_CONDITIONS = "DEBUG $(inherited)";
				SWIFT_OPTIMIZATION_LEVEL = "-Onone";
			};
			name = Debug;
		};
		91EA5D4D2C002E0900FA5A55 /* Release */ = {
			isa = XCBuildConfiguration;
			buildSettings = {
				ALWAYS_SEARCH_USER_PATHS = NO;
				ASSETCATALOG_COMPILER_GENERATE_SWIFT_ASSET_SYMBOL_EXTENSIONS = YES;
				CLANG_ANALYZER_NONNULL = YES;
				CLANG_ANALYZER_NUMBER_OBJECT_CONVERSION = YES_AGGRESSIVE;
				CLANG_CXX_LANGUAGE_STANDARD = "gnu++20";
				CLANG_ENABLE_MODULES = YES;
				CLANG_ENABLE_OBJC_ARC = YES;
				CLANG_ENABLE_OBJC_WEAK = YES;
				CLANG_WARN_BLOCK_CAPTURE_AUTORELEASING = YES;
				CLANG_WARN_BOOL_CONVERSION = YES;
				CLANG_WARN_COMMA = YES;
				CLANG_WARN_CONSTANT_CONVERSION = YES;
				CLANG_WARN_DEPRECATED_OBJC_IMPLEMENTATIONS = YES;
				CLANG_WARN_DIRECT_OBJC_ISA_USAGE = YES_ERROR;
				CLANG_WARN_DOCUMENTATION_COMMENTS = YES;
				CLANG_WARN_EMPTY_BODY = YES;
				CLANG_WARN_ENUM_CONVERSION = YES;
				CLANG_WARN_INFINITE_RECURSION = YES;
				CLANG_WARN_INT_CONVERSION = YES;
				CLANG_WARN_NON_LITERAL_NULL_CONVERSION = YES;
				CLANG_WARN_OBJC_IMPLICIT_RETAIN_SELF = YES;
				CLANG_WARN_OBJC_LITERAL_CONVERSION = YES;
				CLANG_WARN_OBJC_ROOT_CLASS = YES_ERROR;
				CLANG_WARN_QUOTED_INCLUDE_IN_FRAMEWORK_HEADER = YES;
				CLANG_WARN_RANGE_LOOP_ANALYSIS = YES;
				CLANG_WARN_STRICT_PROTOTYPES = YES;
				CLANG_WARN_SUSPICIOUS_MOVE = YES;
				CLANG_WARN_UNGUARDED_AVAILABILITY = YES_AGGRESSIVE;
				CLANG_WARN_UNREACHABLE_CODE = YES;
				CLANG_WARN__DUPLICATE_METHOD_MATCH = YES;
				COPY_PHASE_STRIP = NO;
				DEBUG_INFORMATION_FORMAT = "dwarf-with-dsym";
				ENABLE_NS_ASSERTIONS = NO;
				ENABLE_STRICT_OBJC_MSGSEND = YES;
				ENABLE_USER_SCRIPT_SANDBOXING = YES;
				GCC_C_LANGUAGE_STANDARD = gnu17;
				GCC_NO_COMMON_BLOCKS = YES;
				GCC_WARN_64_TO_32_BIT_CONVERSION = YES;
				GCC_WARN_ABOUT_RETURN_TYPE = YES_ERROR;
				GCC_WARN_UNDECLARED_SELECTOR = YES;
				GCC_WARN_UNINITIALIZED_AUTOS = YES_AGGRESSIVE;
				GCC_WARN_UNUSED_FUNCTION = YES;
				GCC_WARN_UNUSED_VARIABLE = YES;
				IPHONEOS_DEPLOYMENT_TARGET = 17.5;
				LOCALIZATION_PREFERS_STRING_CATALOGS = YES;
				MTL_ENABLE_DEBUG_INFO = NO;
				MTL_FAST_MATH = YES;
				SDKROOT = iphoneos;
				SWIFT_COMPILATION_MODE = wholemodule;
				VALIDATE_PRODUCT = YES;
			};
			name = Release;
		};
		91EA5D4F2C002E0900FA5A55 /* Debug */ = {
			isa = XCBuildConfiguration;
			buildSettings = {
				ASSETCATALOG_COMPILER_APPICON_NAME = AppIcon;
				ASSETCATALOG_COMPILER_GLOBAL_ACCENT_COLOR_NAME = AccentColor;
				CODE_SIGN_STYLE = Automatic;
				CURRENT_PROJECT_VERSION = 1;
				DEVELOPMENT_ASSET_PATHS = "\"mJOA/Preview Content\"";
				DEVELOPMENT_TEAM = SGDBJPAB63;
				ENABLE_PREVIEWS = YES;
				GENERATE_INFOPLIST_FILE = YES;
				INFOPLIST_KEY_UIApplicationSceneManifest_Generation = YES;
				INFOPLIST_KEY_UIApplicationSupportsIndirectInputEvents = YES;
				INFOPLIST_KEY_UILaunchScreen_Generation = YES;
				INFOPLIST_KEY_UISupportedInterfaceOrientations_iPad = "UIInterfaceOrientationPortrait UIInterfaceOrientationPortraitUpsideDown UIInterfaceOrientationLandscapeLeft UIInterfaceOrientationLandscapeRight";
				INFOPLIST_KEY_UISupportedInterfaceOrientations_iPhone = "UIInterfaceOrientationPortrait UIInterfaceOrientationLandscapeLeft UIInterfaceOrientationLandscapeRight";
				LD_RUNPATH_SEARCH_PATHS = (
					"$(inherited)",
					"@executable_path/Frameworks",
				);
				MARKETING_VERSION = 1.0;
				PRODUCT_BUNDLE_IDENTIFIER = com.gmail.stimyoon.mJOA;
				PRODUCT_NAME = "$(TARGET_NAME)";
				SWIFT_EMIT_LOC_STRINGS = YES;
				SWIFT_VERSION = 5.0;
				TARGETED_DEVICE_FAMILY = "1,2";
			};
			name = Debug;
		};
		91EA5D502C002E0900FA5A55 /* Release */ = {
			isa = XCBuildConfiguration;
			buildSettings = {
				ASSETCATALOG_COMPILER_APPICON_NAME = AppIcon;
				ASSETCATALOG_COMPILER_GLOBAL_ACCENT_COLOR_NAME = AccentColor;
				CODE_SIGN_STYLE = Automatic;
				CURRENT_PROJECT_VERSION = 1;
				DEVELOPMENT_ASSET_PATHS = "\"mJOA/Preview Content\"";
				DEVELOPMENT_TEAM = SGDBJPAB63;
				ENABLE_PREVIEWS = YES;
				GENERATE_INFOPLIST_FILE = YES;
				INFOPLIST_KEY_UIApplicationSceneManifest_Generation = YES;
				INFOPLIST_KEY_UIApplicationSupportsIndirectInputEvents = YES;
				INFOPLIST_KEY_UILaunchScreen_Generation = YES;
				INFOPLIST_KEY_UISupportedInterfaceOrientations_iPad = "UIInterfaceOrientationPortrait UIInterfaceOrientationPortraitUpsideDown UIInterfaceOrientationLandscapeLeft UIInterfaceOrientationLandscapeRight";
				INFOPLIST_KEY_UISupportedInterfaceOrientations_iPhone = "UIInterfaceOrientationPortrait UIInterfaceOrientationLandscapeLeft UIInterfaceOrientationLandscapeRight";
				LD_RUNPATH_SEARCH_PATHS = (
					"$(inherited)",
					"@executable_path/Frameworks",
				);
				MARKETING_VERSION = 1.0;
				PRODUCT_BUNDLE_IDENTIFIER = com.gmail.stimyoon.mJOA;
				PRODUCT_NAME = "$(TARGET_NAME)";
				SWIFT_EMIT_LOC_STRINGS = YES;
				SWIFT_VERSION = 5.0;
				TARGETED_DEVICE_FAMILY = "1,2";
			};
			name = Release;
		};
		91EA5D522C002E0900FA5A55 /* Debug */ = {
			isa = XCBuildConfiguration;
			buildSettings = {
				ALWAYS_EMBED_SWIFT_STANDARD_LIBRARIES = YES;
				BUNDLE_LOADER = "$(TEST_HOST)";
				CODE_SIGN_STYLE = Automatic;
				CURRENT_PROJECT_VERSION = 1;
				DEVELOPMENT_TEAM = SGDBJPAB63;
				GENERATE_INFOPLIST_FILE = YES;
				IPHONEOS_DEPLOYMENT_TARGET = 17.5;
				MARKETING_VERSION = 1.0;
				PRODUCT_BUNDLE_IDENTIFIER = com.gmail.stimyoon.mJOATests;
				PRODUCT_NAME = "$(TARGET_NAME)";
				SWIFT_EMIT_LOC_STRINGS = NO;
				SWIFT_VERSION = 5.0;
				TARGETED_DEVICE_FAMILY = "1,2";
				TEST_HOST = "$(BUILT_PRODUCTS_DIR)/mJOA.app/$(BUNDLE_EXECUTABLE_FOLDER_PATH)/mJOA";
			};
			name = Debug;
		};
		91EA5D532C002E0900FA5A55 /* Release */ = {
			isa = XCBuildConfiguration;
			buildSettings = {
				ALWAYS_EMBED_SWIFT_STANDARD_LIBRARIES = YES;
				BUNDLE_LOADER = "$(TEST_HOST)";
				CODE_SIGN_STYLE = Automatic;
				CURRENT_PROJECT_VERSION = 1;
				DEVELOPMENT_TEAM = SGDBJPAB63;
				GENERATE_INFOPLIST_FILE = YES;
				IPHONEOS_DEPLOYMENT_TARGET = 17.5;
				MARKETING_VERSION = 1.0;
				PRODUCT_BUNDLE_IDENTIFIER = com.gmail.stimyoon.mJOATests;
				PRODUCT_NAME = "$(TARGET_NAME)";
				SWIFT_EMIT_LOC_STRINGS = NO;
				SWIFT_VERSION = 5.0;
				TARGETED_DEVICE_FAMILY = "1,2";
				TEST_HOST = "$(BUILT_PRODUCTS_DIR)/mJOA.app/$(BUNDLE_EXECUTABLE_FOLDER_PATH)/mJOA";
			};
			name = Release;
		};
		91EA5D552C002E0900FA5A55 /* Debug */ = {
			isa = XCBuildConfiguration;
			buildSettings = {
				ALWAYS_EMBED_SWIFT_STANDARD_LIBRARIES = YES;
				CODE_SIGN_STYLE = Automatic;
				CURRENT_PROJECT_VERSION = 1;
				DEVELOPMENT_TEAM = SGDBJPAB63;
				GENERATE_INFOPLIST_FILE = YES;
				MARKETING_VERSION = 1.0;
				PRODUCT_BUNDLE_IDENTIFIER = com.gmail.stimyoon.mJOAUITests;
				PRODUCT_NAME = "$(TARGET_NAME)";
				SWIFT_EMIT_LOC_STRINGS = NO;
				SWIFT_VERSION = 5.0;
				TARGETED_DEVICE_FAMILY = "1,2";
				TEST_TARGET_NAME = mJOA;
			};
			name = Debug;
		};
		91EA5D562C002E0900FA5A55 /* Release */ = {
			isa = XCBuildConfiguration;
			buildSettings = {
				ALWAYS_EMBED_SWIFT_STANDARD_LIBRARIES = YES;
				CODE_SIGN_STYLE = Automatic;
				CURRENT_PROJECT_VERSION = 1;
				DEVELOPMENT_TEAM = SGDBJPAB63;
				GENERATE_INFOPLIST_FILE = YES;
				MARKETING_VERSION = 1.0;
				PRODUCT_BUNDLE_IDENTIFIER = com.gmail.stimyoon.mJOAUITests;
				PRODUCT_NAME = "$(TARGET_NAME)";
				SWIFT_EMIT_LOC_STRINGS = NO;
				SWIFT_VERSION = 5.0;
				TARGETED_DEVICE_FAMILY = "1,2";
				TEST_TARGET_NAME = mJOA;
			};
			name = Release;
		};
/* End XCBuildConfiguration section */

/* Begin XCConfigurationList section */
		91EA5D232C002E0800FA5A55 /* Build configuration list for PBXProject "mJOA" */ = {
			isa = XCConfigurationList;
			buildConfigurations = (
				91EA5D4C2C002E0900FA5A55 /* Debug */,
				91EA5D4D2C002E0900FA5A55 /* Release */,
			);
			defaultConfigurationIsVisible = 0;
			defaultConfigurationName = Release;
		};
		91EA5D4E2C002E0900FA5A55 /* Build configuration list for PBXNativeTarget "mJOA" */ = {
			isa = XCConfigurationList;
			buildConfigurations = (
				91EA5D4F2C002E0900FA5A55 /* Debug */,
				91EA5D502C002E0900FA5A55 /* Release */,
			);
			defaultConfigurationIsVisible = 0;
			defaultConfigurationName = Release;
		};
		91EA5D512C002E0900FA5A55 /* Build configuration list for PBXNativeTarget "mJOATests" */ = {
			isa = XCConfigurationList;
			buildConfigurations = (
				91EA5D522C002E0900FA5A55 /* Debug */,
				91EA5D532C002E0900FA5A55 /* Release */,
			);
			defaultConfigurationIsVisible = 0;
			defaultConfigurationName = Release;
		};
		91EA5D542C002E0900FA5A55 /* Build configuration list for PBXNativeTarget "mJOAUITests" */ = {
			isa = XCConfigurationList;
			buildConfigurations = (
				91EA5D552C002E0900FA5A55 /* Debug */,
				91EA5D562C002E0900FA5A55 /* Release */,
			);
			defaultConfigurationIsVisible = 0;
			defaultConfigurationName = Release;
		};
/* End XCConfigurationList section */
	};
	rootObject = 91EA5D202C002E0800FA5A55 /* Project object */;
}
